
Microsoft Visual Studio Solution File, Format Version 12.00
# Visual Studio Version 16
VisualStudioVersion = 16.0.31313.79
MinimumVisualStudioVersion = 10.0.40219.1
Project("{FAE04EC0-301F-11D3-BF4B-00C04F79EFBC}") = "FileUploaderUsingCurl", "FileUploaderUsingCurl\FileUploaderUsingCurl.csproj", "{F927DF17-CA68-40DC-8690-3753701D2273}"
EndProject
Global
	GlobalSection(SolutionConfigurationPlatforms) = preSolution
		Debug|Any CPU = Debug|Any CPU
		Release|Any CPU = Release|Any CPU
	EndGlobalSection
	GlobalSection(ProjectConfigurationPlatforms) = postSolution
		{F927DF17-CA68-40DC-8690-3753701D2273}.Debug|Any CPU.ActiveCfg = Debug|Any CPU
		{F927DF17-CA68-40DC-8690-3753701D2273}.Debug|Any CPU.Build.0 = Debug|Any CPU
		{F927DF17-CA68-40DC-8690-3753701D2273}.Release|Any CPU.ActiveCfg = Release|Any CPU
		{F927DF17-CA68-40DC-8690-3753701D2273}.Release|Any CPU.Build.0 = Release|Any CPU
	EndGlobalSection
	GlobalSection(SolutionProperties) = preSolution
		HideSolutionNode = FALSE
	EndGlobalSection
	GlobalSection(ExtensibilityGlobals) = postSolution
		SolutionGuid = {4D6C571A-FBAF-46A5-B186-6F158C667EF1}
	EndGlobalSection
EndGlobal
